{
    "version": 3,
    "terraform_version": "0.11.7",
    "serial": 5,
    "lineage": "c53be33f-9dd3-64df-44ad-2770145ad35b",
    "modules": [
        {
            "path": [
                "root"
            ],
            "outputs": {
                "aws_instance_external_ip": {
                    "sensitive": false,
                    "type": "string",
                    "value": "35.163.162.6"
                },
                "aws_instance_internal_ip": {
                    "sensitive": false,
                    "type": "string",
                    "value": "172.16.0.100"
                },
                "gcp_instance_external_ip": {
                    "sensitive": false,
                    "type": "string",
                    "value": "104.198.0.198"
                },
                "gcp_instance_internal_ip": {
                    "sensitive": false,
                    "type": "string",
                    "value": "10.240.0.100"
                }
            },
            "resources": {
                "aws_customer_gateway.aws-cgw": {
                    "type": "aws_customer_gateway",
                    "depends_on": [
                        "google_compute_address.gcp-vpn-ip"
                    ],
                    "primary": {
                        "id": "cgw-0b3dc3c0ff5028b98",
                        "attributes": {
                            "bgp_asn": "65000",
                            "id": "cgw-0b3dc3c0ff5028b98",
                            "ip_address": "35.203.153.218",
                            "tags.%": "1",
                            "tags.Name": "aws-customer-gw",
                            "type": "ipsec.1"
                        },
                        "meta": {},
                        "tainted": false
                    },
                    "deposed": [],
                    "provider": "provider.aws"
                },
                "aws_default_route_table.aws-vpc": {
                    "type": "aws_default_route_table",
                    "depends_on": [
                        "aws_internet_gateway.aws-vpc-igw",
                        "aws_vpc.aws-vpc",
                        "aws_vpn_gateway.aws-vpn-gw"
                    ],
                    "primary": {
                        "id": "rtb-0461773e679de13ad",
                        "attributes": {
                            "default_route_table_id": "rtb-0461773e679de13ad",
                            "id": "rtb-0461773e679de13ad",
                            "propagating_vgws.#": "1",
                            "propagating_vgws.404336022": "vgw-0c854c8d134d0f207",
                            "route.#": "1",
                            "route.4252339769.cidr_block": "0.0.0.0/0",
                            "route.4252339769.egress_only_gateway_id": "",
                            "route.4252339769.gateway_id": "igw-0f3fe93e2b555813d",
                            "route.4252339769.instance_id": "",
                            "route.4252339769.ipv6_cidr_block": "",
                            "route.4252339769.nat_gateway_id": "",
                            "route.4252339769.network_interface_id": "",
                            "route.4252339769.vpc_peering_connection_id": "",
                            "tags.%": "0",
                            "vpc_id": "vpc-051e696b1a6f02014"
                        },
                        "meta": {},
                        "tainted": false
                    },
                    "deposed": [],
                    "provider": "provider.aws"
                },
                "aws_eip.aws-ip": {
                    "type": "aws_eip",
                    "depends_on": [
                        "aws_instance.aws-vm"
                    ],
                    "primary": {
                        "id": "eipalloc-0a853c134e83558f0",
                        "attributes": {
                            "associate_with_private_ip": "172.16.0.100",
                            "association_id": "eipassoc-08cb591c7f18b0029",
                            "domain": "vpc",
                            "id": "eipalloc-0a853c134e83558f0",
                            "instance": "i-03acb0dd718d35a7e",
                            "network_interface": "eni-0fa8b686647d2eace",
                            "private_ip": "172.16.0.100",
                            "public_ip": "35.163.162.6",
                            "tags.%": "0",
                            "vpc": "true"
                        },
                        "meta": {
                            "e2bfb730-ecaa-11e6-8f88-34363bc7c4c0": {
                                "delete": 180000000000,
                                "read": 900000000000,
                                "update": 300000000000
                            }
                        },
                        "tainted": false
                    },
                    "deposed": [],
                    "provider": "provider.aws"
                },
                "aws_instance.aws-vm": {
                    "type": "aws_instance",
                    "depends_on": [
                        "aws_security_group.aws-allow-icmp",
                        "aws_security_group.aws-allow-internet",
                        "aws_security_group.aws-allow-ssh",
                        "aws_security_group.aws-allow-vpn",
                        "aws_subnet.aws-subnet1",
                        "data.aws_ami.ubuntu"
                    ],
                    "primary": {
                        "id": "i-03acb0dd718d35a7e",
                        "attributes": {
                            "ami": "ami-51537029",
                            "associate_public_ip_address": "true",
                            "availability_zone": "us-west-2c",
                            "credit_specification.#": "1",
                            "credit_specification.0.cpu_credits": "standard",
                            "disable_api_termination": "false",
                            "ebs_block_device.#": "0",
                            "ebs_optimized": "false",
                            "ephemeral_block_device.#": "0",
                            "get_password_data": "false",
                            "iam_instance_profile": "",
                            "id": "i-03acb0dd718d35a7e",
                            "instance_state": "running",
                            "instance_type": "t2.micro",
                            "ipv6_addresses.#": "0",
                            "key_name": "gcp",
                            "monitoring": "false",
                            "network_interface.#": "0",
                            "network_interface_id": "eni-0fa8b686647d2eace",
                            "password_data": "",
                            "placement_group": "",
                            "primary_network_interface_id": "eni-0fa8b686647d2eace",
                            "private_dns": "ip-172-16-0-100.us-west-2.compute.internal",
                            "private_ip": "172.16.0.100",
                            "public_dns": "ec2-35-167-14-205.us-west-2.compute.amazonaws.com",
                            "public_ip": "35.167.14.205",
                            "root_block_device.#": "1",
                            "root_block_device.0.delete_on_termination": "true",
                            "root_block_device.0.iops": "100",
                            "root_block_device.0.volume_id": "vol-00c35e42e9205dadd",
                            "root_block_device.0.volume_size": "8",
                            "root_block_device.0.volume_type": "gp2",
                            "security_groups.#": "0",
                            "source_dest_check": "true",
                            "subnet_id": "subnet-06ef2cdf2633aa68b",
                            "tags.%": "1",
                            "tags.Name": "aws-vm-us-west-2",
                            "tenancy": "default",
                            "volume_tags.%": "0",
                            "vpc_security_group_ids.#": "4",
                            "vpc_security_group_ids.1483725184": "sg-04b0dbda3da1e06c9",
                            "vpc_security_group_ids.606762107": "sg-03a6c3c07a39c3e1f",
                            "vpc_security_group_ids.66799023": "sg-075ef8af5e0c46639",
                            "vpc_security_group_ids.869270878": "sg-06bb4c7468ef77b12"
                        },
                        "meta": {
                            "e2bfb730-ecaa-11e6-8f88-34363bc7c4c0": {
                                "create": 600000000000,
                                "delete": 1200000000000,
                                "update": 600000000000
                            },
                            "schema_version": "1"
                        },
                        "tainted": false
                    },
                    "deposed": [],
                    "provider": "provider.aws"
                },
                "aws_internet_gateway.aws-vpc-igw": {
                    "type": "aws_internet_gateway",
                    "depends_on": [
                        "aws_vpc.aws-vpc"
                    ],
                    "primary": {
                        "id": "igw-0f3fe93e2b555813d",
                        "attributes": {
                            "id": "igw-0f3fe93e2b555813d",
                            "tags.%": "1",
                            "tags.Name": "aws-vpc-igw",
                            "vpc_id": "vpc-051e696b1a6f02014"
                        },
                        "meta": {},
                        "tainted": false
                    },
                    "deposed": [],
                    "provider": "provider.aws"
                },
                "aws_security_group.aws-allow-icmp": {
                    "type": "aws_security_group",
                    "depends_on": [
                        "aws_vpc.aws-vpc"
                    ],
                    "primary": {
                        "id": "sg-06bb4c7468ef77b12",
                        "attributes": {
                            "arn": "arn:aws:ec2:us-west-2:466438562678:security-group/sg-06bb4c7468ef77b12",
                            "description": "Allow icmp access from anywhere",
                            "egress.#": "0",
                            "id": "sg-06bb4c7468ef77b12",
                            "ingress.#": "1",
                            "ingress.3068409405.cidr_blocks.#": "1",
                            "ingress.3068409405.cidr_blocks.0": "0.0.0.0/0",
                            "ingress.3068409405.description": "",
                            "ingress.3068409405.from_port": "8",
                            "ingress.3068409405.ipv6_cidr_blocks.#": "0",
                            "ingress.3068409405.protocol": "icmp",
                            "ingress.3068409405.security_groups.#": "0",
                            "ingress.3068409405.self": "false",
                            "ingress.3068409405.to_port": "0",
                            "name": "aws-allow-icmp",
                            "owner_id": "466438562678",
                            "revoke_rules_on_delete": "false",
                            "tags.%": "0",
                            "vpc_id": "vpc-051e696b1a6f02014"
                        },
                        "meta": {
                            "e2bfb730-ecaa-11e6-8f88-34363bc7c4c0": {
                                "create": 600000000000,
                                "delete": 600000000000
                            },
                            "schema_version": "1"
                        },
                        "tainted": false
                    },
                    "deposed": [],
                    "provider": "provider.aws"
                },
                "aws_security_group.aws-allow-internet": {
                    "type": "aws_security_group",
                    "depends_on": [
                        "aws_vpc.aws-vpc"
                    ],
                    "primary": {
                        "id": "sg-04b0dbda3da1e06c9",
                        "attributes": {
                            "arn": "arn:aws:ec2:us-west-2:466438562678:security-group/sg-04b0dbda3da1e06c9",
                            "description": "Allow http traffic from the internet",
                            "egress.#": "1",
                            "egress.482069346.cidr_blocks.#": "1",
                            "egress.482069346.cidr_blocks.0": "0.0.0.0/0",
                            "egress.482069346.description": "",
                            "egress.482069346.from_port": "0",
                            "egress.482069346.ipv6_cidr_blocks.#": "0",
                            "egress.482069346.prefix_list_ids.#": "0",
                            "egress.482069346.protocol": "-1",
                            "egress.482069346.security_groups.#": "0",
                            "egress.482069346.self": "false",
                            "egress.482069346.to_port": "0",
                            "id": "sg-04b0dbda3da1e06c9",
                            "ingress.#": "1",
                            "ingress.2214680975.cidr_blocks.#": "1",
                            "ingress.2214680975.cidr_blocks.0": "0.0.0.0/0",
                            "ingress.2214680975.description": "",
                            "ingress.2214680975.from_port": "80",
                            "ingress.2214680975.ipv6_cidr_blocks.#": "0",
                            "ingress.2214680975.protocol": "tcp",
                            "ingress.2214680975.security_groups.#": "0",
                            "ingress.2214680975.self": "false",
                            "ingress.2214680975.to_port": "80",
                            "name": "aws-allow-internet",
                            "owner_id": "466438562678",
                            "revoke_rules_on_delete": "false",
                            "tags.%": "0",
                            "vpc_id": "vpc-051e696b1a6f02014"
                        },
                        "meta": {
                            "e2bfb730-ecaa-11e6-8f88-34363bc7c4c0": {
                                "create": 600000000000,
                                "delete": 600000000000
                            },
                            "schema_version": "1"
                        },
                        "tainted": false
                    },
                    "deposed": [],
                    "provider": "provider.aws"
                },
                "aws_security_group.aws-allow-ssh": {
                    "type": "aws_security_group",
                    "depends_on": [
                        "aws_vpc.aws-vpc"
                    ],
                    "primary": {
                        "id": "sg-03a6c3c07a39c3e1f",
                        "attributes": {
                            "arn": "arn:aws:ec2:us-west-2:466438562678:security-group/sg-03a6c3c07a39c3e1f",
                            "description": "Allow ssh access from anywhere",
                            "egress.#": "0",
                            "id": "sg-03a6c3c07a39c3e1f",
                            "ingress.#": "1",
                            "ingress.2541437006.cidr_blocks.#": "1",
                            "ingress.2541437006.cidr_blocks.0": "0.0.0.0/0",
                            "ingress.2541437006.description": "",
                            "ingress.2541437006.from_port": "22",
                            "ingress.2541437006.ipv6_cidr_blocks.#": "0",
                            "ingress.2541437006.protocol": "tcp",
                            "ingress.2541437006.security_groups.#": "0",
                            "ingress.2541437006.self": "false",
                            "ingress.2541437006.to_port": "22",
                            "name": "aws-allow-ssh",
                            "owner_id": "466438562678",
                            "revoke_rules_on_delete": "false",
                            "tags.%": "0",
                            "vpc_id": "vpc-051e696b1a6f02014"
                        },
                        "meta": {
                            "e2bfb730-ecaa-11e6-8f88-34363bc7c4c0": {
                                "create": 600000000000,
                                "delete": 600000000000
                            },
                            "schema_version": "1"
                        },
                        "tainted": false
                    },
                    "deposed": [],
                    "provider": "provider.aws"
                },
                "aws_security_group.aws-allow-vpn": {
                    "type": "aws_security_group",
                    "depends_on": [
                        "aws_vpc.aws-vpc"
                    ],
                    "primary": {
                        "id": "sg-075ef8af5e0c46639",
                        "attributes": {
                            "arn": "arn:aws:ec2:us-west-2:466438562678:security-group/sg-075ef8af5e0c46639",
                            "description": "Allow all traffic from vpn resources",
                            "egress.#": "0",
                            "id": "sg-075ef8af5e0c46639",
                            "ingress.#": "1",
                            "ingress.3106109072.cidr_blocks.#": "1",
                            "ingress.3106109072.cidr_blocks.0": "10.240.0.0/24",
                            "ingress.3106109072.description": "",
                            "ingress.3106109072.from_port": "0",
                            "ingress.3106109072.ipv6_cidr_blocks.#": "0",
                            "ingress.3106109072.protocol": "-1",
                            "ingress.3106109072.security_groups.#": "0",
                            "ingress.3106109072.self": "false",
                            "ingress.3106109072.to_port": "0",
                            "name": "aws-allow-vpn",
                            "owner_id": "466438562678",
                            "revoke_rules_on_delete": "false",
                            "tags.%": "0",
                            "vpc_id": "vpc-051e696b1a6f02014"
                        },
                        "meta": {
                            "e2bfb730-ecaa-11e6-8f88-34363bc7c4c0": {
                                "create": 600000000000,
                                "delete": 600000000000
                            },
                            "schema_version": "1"
                        },
                        "tainted": false
                    },
                    "deposed": [],
                    "provider": "provider.aws"
                },
                "aws_subnet.aws-subnet1": {
                    "type": "aws_subnet",
                    "depends_on": [
                        "aws_vpc.aws-vpc"
                    ],
                    "primary": {
                        "id": "subnet-06ef2cdf2633aa68b",
                        "attributes": {
                            "assign_ipv6_address_on_creation": "false",
                            "availability_zone": "us-west-2c",
                            "cidr_block": "172.16.0.0/24",
                            "id": "subnet-06ef2cdf2633aa68b",
                            "map_public_ip_on_launch": "false",
                            "tags.%": "1",
                            "tags.Name": "aws-vpn-subnet",
                            "vpc_id": "vpc-051e696b1a6f02014"
                        },
                        "meta": {
                            "schema_version": "1"
                        },
                        "tainted": false
                    },
                    "deposed": [],
                    "provider": "provider.aws"
                },
                "aws_vpc.aws-vpc": {
                    "type": "aws_vpc",
                    "depends_on": [],
                    "primary": {
                        "id": "vpc-051e696b1a6f02014",
                        "attributes": {
                            "assign_generated_ipv6_cidr_block": "false",
                            "cidr_block": "172.16.0.0/16",
                            "default_network_acl_id": "acl-08f4a622d30f21a78",
                            "default_route_table_id": "rtb-0461773e679de13ad",
                            "default_security_group_id": "sg-012d90e5140928ca0",
                            "dhcp_options_id": "dopt-d007b5a9",
                            "enable_classiclink": "false",
                            "enable_classiclink_dns_support": "false",
                            "enable_dns_hostnames": "true",
                            "enable_dns_support": "true",
                            "id": "vpc-051e696b1a6f02014",
                            "instance_tenancy": "default",
                            "main_route_table_id": "rtb-0461773e679de13ad",
                            "tags.%": "1",
                            "tags.Name": "aws-vpc"
                        },
                        "meta": {
                            "schema_version": "1"
                        },
                        "tainted": false
                    },
                    "deposed": [],
                    "provider": "provider.aws"
                },
                "aws_vpn_connection.aws-vpn-connection1": {
                    "type": "aws_vpn_connection",
                    "depends_on": [
                        "aws_customer_gateway.aws-cgw",
                        "aws_vpn_gateway.aws-vpn-gw"
                    ],
                    "primary": {
                        "id": "vpn-0d1f03899c5c96d98",
                        "attributes": {
                            "customer_gateway_configuration": "\u003c?xml version=\"1.0\" encoding=\"UTF-8\"?\u003e\n\u003cvpn_connection id=\"vpn-0d1f03899c5c96d98\"\u003e\n  \u003ccustomer_gateway_id\u003ecgw-0b3dc3c0ff5028b98\u003c/customer_gateway_id\u003e\n  \u003cvpn_gateway_id\u003evgw-0c854c8d134d0f207\u003c/vpn_gateway_id\u003e\n  \u003cvpn_connection_type\u003eipsec.1\u003c/vpn_connection_type\u003e\n  \u003cipsec_tunnel\u003e\n    \u003ccustomer_gateway\u003e\n      \u003ctunnel_outside_address\u003e\n        \u003cip_address\u003e35.203.153.218\u003c/ip_address\u003e\n      \u003c/tunnel_outside_address\u003e\n      \u003ctunnel_inside_address\u003e\n        \u003cip_address\u003e169.254.12.102\u003c/ip_address\u003e\n        \u003cnetwork_mask\u003e255.255.255.252\u003c/network_mask\u003e\n        \u003cnetwork_cidr\u003e30\u003c/network_cidr\u003e\n      \u003c/tunnel_inside_address\u003e\n      \u003cbgp\u003e\n        \u003casn\u003e65000\u003c/asn\u003e\n        \u003chold_time\u003e30\u003c/hold_time\u003e\n      \u003c/bgp\u003e\n    \u003c/customer_gateway\u003e\n    \u003cvpn_gateway\u003e\n      \u003ctunnel_outside_address\u003e\n        \u003cip_address\u003e52.26.29.127\u003c/ip_address\u003e\n      \u003c/tunnel_outside_address\u003e\n      \u003ctunnel_inside_address\u003e\n        \u003cip_address\u003e169.254.12.101\u003c/ip_address\u003e\n        \u003cnetwork_mask\u003e255.255.255.252\u003c/network_mask\u003e\n        \u003cnetwork_cidr\u003e30\u003c/network_cidr\u003e\n      \u003c/tunnel_inside_address\u003e\n      \u003cbgp\u003e\n        \u003casn\u003e64512\u003c/asn\u003e\n        \u003chold_time\u003e30\u003c/hold_time\u003e\n      \u003c/bgp\u003e\n    \u003c/vpn_gateway\u003e\n    \u003cike\u003e\n      \u003cauthentication_protocol\u003esha1\u003c/authentication_protocol\u003e\n      \u003cencryption_protocol\u003eaes-128-cbc\u003c/encryption_protocol\u003e\n      \u003clifetime\u003e28800\u003c/lifetime\u003e\n      \u003cperfect_forward_secrecy\u003egroup2\u003c/perfect_forward_secrecy\u003e\n      \u003cmode\u003emain\u003c/mode\u003e\n      \u003cpre_shared_key\u003eSt1HRO3Axc2sf9q4RYMljJMjPBMxZe0b\u003c/pre_shared_key\u003e\n    \u003c/ike\u003e\n    \u003cipsec\u003e\n      \u003cprotocol\u003eesp\u003c/protocol\u003e\n      \u003cauthentication_protocol\u003ehmac-sha1-96\u003c/authentication_protocol\u003e\n      \u003cencryption_protocol\u003eaes-128-cbc\u003c/encryption_protocol\u003e\n      \u003clifetime\u003e3600\u003c/lifetime\u003e\n      \u003cperfect_forward_secrecy\u003egroup2\u003c/perfect_forward_secrecy\u003e\n      \u003cmode\u003etunnel\u003c/mode\u003e\n      \u003cclear_df_bit\u003etrue\u003c/clear_df_bit\u003e\n      \u003cfragmentation_before_encryption\u003etrue\u003c/fragmentation_before_encryption\u003e\n      \u003ctcp_mss_adjustment\u003e1379\u003c/tcp_mss_adjustment\u003e\n      \u003cdead_peer_detection\u003e\n        \u003cinterval\u003e10\u003c/interval\u003e\n        \u003cretries\u003e3\u003c/retries\u003e\n      \u003c/dead_peer_detection\u003e\n    \u003c/ipsec\u003e\n  \u003c/ipsec_tunnel\u003e\n  \u003cipsec_tunnel\u003e\n    \u003ccustomer_gateway\u003e\n      \u003ctunnel_outside_address\u003e\n        \u003cip_address\u003e35.203.153.218\u003c/ip_address\u003e\n      \u003c/tunnel_outside_address\u003e\n      \u003ctunnel_inside_address\u003e\n        \u003cip_address\u003e169.254.13.162\u003c/ip_address\u003e\n        \u003cnetwork_mask\u003e255.255.255.252\u003c/network_mask\u003e\n        \u003cnetwork_cidr\u003e30\u003c/network_cidr\u003e\n      \u003c/tunnel_inside_address\u003e\n      \u003cbgp\u003e\n        \u003casn\u003e65000\u003c/asn\u003e\n        \u003chold_time\u003e30\u003c/hold_time\u003e\n      \u003c/bgp\u003e\n    \u003c/customer_gateway\u003e\n    \u003cvpn_gateway\u003e\n      \u003ctunnel_outside_address\u003e\n        \u003cip_address\u003e52.89.145.3\u003c/ip_address\u003e\n      \u003c/tunnel_outside_address\u003e\n      \u003ctunnel_inside_address\u003e\n        \u003cip_address\u003e169.254.13.161\u003c/ip_address\u003e\n        \u003cnetwork_mask\u003e255.255.255.252\u003c/network_mask\u003e\n        \u003cnetwork_cidr\u003e30\u003c/network_cidr\u003e\n      \u003c/tunnel_inside_address\u003e\n      \u003cbgp\u003e\n        \u003casn\u003e64512\u003c/asn\u003e\n        \u003chold_time\u003e30\u003c/hold_time\u003e\n      \u003c/bgp\u003e\n    \u003c/vpn_gateway\u003e\n    \u003cike\u003e\n      \u003cauthentication_protocol\u003esha1\u003c/authentication_protocol\u003e\n      \u003cencryption_protocol\u003eaes-128-cbc\u003c/encryption_protocol\u003e\n      \u003clifetime\u003e28800\u003c/lifetime\u003e\n      \u003cperfect_forward_secrecy\u003egroup2\u003c/perfect_forward_secrecy\u003e\n      \u003cmode\u003emain\u003c/mode\u003e\n      \u003cpre_shared_key\u003egySjYBvCkXW99ZyijBywcilGH.YJ48tI\u003c/pre_shared_key\u003e\n    \u003c/ike\u003e\n    \u003cipsec\u003e\n      \u003cprotocol\u003eesp\u003c/protocol\u003e\n      \u003cauthentication_protocol\u003ehmac-sha1-96\u003c/authentication_protocol\u003e\n      \u003cencryption_protocol\u003eaes-128-cbc\u003c/encryption_protocol\u003e\n      \u003clifetime\u003e3600\u003c/lifetime\u003e\n      \u003cperfect_forward_secrecy\u003egroup2\u003c/perfect_forward_secrecy\u003e\n      \u003cmode\u003etunnel\u003c/mode\u003e\n      \u003cclear_df_bit\u003etrue\u003c/clear_df_bit\u003e\n      \u003cfragmentation_before_encryption\u003etrue\u003c/fragmentation_before_encryption\u003e\n      \u003ctcp_mss_adjustment\u003e1379\u003c/tcp_mss_adjustment\u003e\n      \u003cdead_peer_detection\u003e\n        \u003cinterval\u003e10\u003c/interval\u003e\n        \u003cretries\u003e3\u003c/retries\u003e\n      \u003c/dead_peer_detection\u003e\n    \u003c/ipsec\u003e\n  \u003c/ipsec_tunnel\u003e\n\u003c/vpn_connection\u003e",
                            "customer_gateway_id": "cgw-0b3dc3c0ff5028b98",
                            "id": "vpn-0d1f03899c5c96d98",
                            "routes.#": "0",
                            "static_routes_only": "false",
                            "tags.%": "1",
                            "tags.Name": "aws-vpn-connection1",
                            "tunnel1_address": "52.26.29.127",
                            "tunnel1_bgp_asn": "64512",
                            "tunnel1_bgp_holdtime": "30",
                            "tunnel1_cgw_inside_address": "169.254.12.102",
                            "tunnel1_preshared_key": "St1HRO3Axc2sf9q4RYMljJMjPBMxZe0b",
                            "tunnel1_vgw_inside_address": "169.254.12.101",
                            "tunnel2_address": "52.89.145.3",
                            "tunnel2_bgp_asn": "64512",
                            "tunnel2_bgp_holdtime": "30",
                            "tunnel2_cgw_inside_address": "169.254.13.162",
                            "tunnel2_preshared_key": "gySjYBvCkXW99ZyijBywcilGH.YJ48tI",
                            "tunnel2_vgw_inside_address": "169.254.13.161",
                            "type": "ipsec.1",
                            "vgw_telemetry.#": "2",
                            "vgw_telemetry.1020505805.accepted_route_count": "1",
                            "vgw_telemetry.1020505805.last_status_change": "2018-09-08 03:04:07 +0000 UTC",
                            "vgw_telemetry.1020505805.outside_ip_address": "52.26.29.127",
                            "vgw_telemetry.1020505805.status": "UP",
                            "vgw_telemetry.1020505805.status_message": "1 BGP ROUTES",
                            "vgw_telemetry.2570174186.accepted_route_count": "0",
                            "vgw_telemetry.2570174186.last_status_change": "2018-09-08 03:07:59 +0000 UTC",
                            "vgw_telemetry.2570174186.outside_ip_address": "52.89.145.3",
                            "vgw_telemetry.2570174186.status": "DOWN",
                            "vgw_telemetry.2570174186.status_message": "IPSEC IS DOWN",
                            "vpn_gateway_id": "vgw-0c854c8d134d0f207"
                        },
                        "meta": {},
                        "tainted": false
                    },
                    "deposed": [],
                    "provider": "provider.aws"
                },
                "aws_vpn_gateway.aws-vpn-gw": {
                    "type": "aws_vpn_gateway",
                    "depends_on": [
                        "aws_vpc.aws-vpc"
                    ],
                    "primary": {
                        "id": "vgw-0c854c8d134d0f207",
                        "attributes": {
                            "amazon_side_asn": "64512",
                            "id": "vgw-0c854c8d134d0f207",
                            "tags.%": "0",
                            "vpc_id": "vpc-051e696b1a6f02014"
                        },
                        "meta": {},
                        "tainted": false
                    },
                    "deposed": [],
                    "provider": "provider.aws"
                },
                "data.aws_ami.ubuntu": {
                    "type": "aws_ami",
                    "depends_on": [],
                    "primary": {
                        "id": "ami-51537029",
                        "attributes": {
                            "architecture": "x86_64",
                            "block_device_mappings.#": "3",
                            "block_device_mappings.1634610537.device_name": "/dev/sdb",
                            "block_device_mappings.1634610537.ebs.%": "0",
                            "block_device_mappings.1634610537.no_device": "",
                            "block_device_mappings.1634610537.virtual_name": "ephemeral0",
                            "block_device_mappings.2547816212.device_name": "/dev/sda1",
                            "block_device_mappings.2547816212.ebs.%": "6",
                            "block_device_mappings.2547816212.ebs.delete_on_termination": "true",
                            "block_device_mappings.2547816212.ebs.encrypted": "false",
                            "block_device_mappings.2547816212.ebs.iops": "0",
                            "block_device_mappings.2547816212.ebs.snapshot_id": "snap-05ab970e0191f0831",
                            "block_device_mappings.2547816212.ebs.volume_size": "8",
                            "block_device_mappings.2547816212.ebs.volume_type": "gp2",
                            "block_device_mappings.2547816212.no_device": "",
                            "block_device_mappings.2547816212.virtual_name": "",
                            "block_device_mappings.3850042718.device_name": "/dev/sdc",
                            "block_device_mappings.3850042718.ebs.%": "0",
                            "block_device_mappings.3850042718.no_device": "",
                            "block_device_mappings.3850042718.virtual_name": "ephemeral1",
                            "creation_date": "2018-08-15T12:39:01.000Z",
                            "description": "Canonical, Ubuntu, 16.04 LTS, amd64 xenial image build on 2018-08-14",
                            "filter.#": "2",
                            "filter.1585153008.name": "name",
                            "filter.1585153008.values.#": "1",
                            "filter.1585153008.values.0": "ubuntu/images/hvm-ssd/ubuntu-xenial-16.04-amd64-server-*",
                            "filter.490168357.name": "virtualization-type",
                            "filter.490168357.values.#": "1",
                            "filter.490168357.values.0": "hvm",
                            "hypervisor": "xen",
                            "id": "ami-51537029",
                            "image_id": "ami-51537029",
                            "image_location": "099720109477/ubuntu/images/hvm-ssd/ubuntu-xenial-16.04-amd64-server-20180814",
                            "image_type": "machine",
                            "most_recent": "true",
                            "name": "ubuntu/images/hvm-ssd/ubuntu-xenial-16.04-amd64-server-20180814",
                            "owner_id": "099720109477",
                            "owners.#": "1",
                            "owners.0": "099720109477",
                            "product_codes.#": "0",
                            "public": "true",
                            "root_device_name": "/dev/sda1",
                            "root_device_type": "ebs",
                            "root_snapshot_id": "snap-05ab970e0191f0831",
                            "sriov_net_support": "simple",
                            "state": "available",
                            "state_reason.%": "2",
                            "state_reason.code": "UNSET",
                            "state_reason.message": "UNSET",
                            "tags.%": "0",
                            "virtualization_type": "hvm"
                        },
                        "meta": {},
                        "tainted": false
                    },
                    "deposed": [],
                    "provider": "provider.aws"
                },
                "data.google_compute_zones.available": {
                    "type": "google_compute_zones",
                    "depends_on": [],
                    "primary": {
                        "id": "2018-09-08 03:14:36.711122 +0000 UTC",
                        "attributes": {
                            "id": "2018-09-08 03:14:36.711122 +0000 UTC",
                            "names.#": "3",
                            "names.0": "us-west1-a",
                            "names.1": "us-west1-b",
                            "names.2": "us-west1-c",
                            "project": "admin-209502",
                            "region": "us-west1"
                        },
                        "meta": {},
                        "tainted": false
                    },
                    "deposed": [],
                    "provider": "provider.google"
                },
                "google_compute_address.gcp-vpn-ip": {
                    "type": "google_compute_address",
                    "depends_on": [],
                    "primary": {
                        "id": "admin-209502/us-west1/gcp-vpn-ip",
                        "attributes": {
                            "address": "35.203.153.218",
                            "address_type": "EXTERNAL",
                            "creation_timestamp": "2018-09-07T19:58:22.491-07:00",
                            "description": "",
                            "id": "admin-209502/us-west1/gcp-vpn-ip",
                            "name": "gcp-vpn-ip",
                            "network_tier": "PREMIUM",
                            "project": "admin-209502",
                            "region": "us-west1",
                            "self_link": "https://www.googleapis.com/compute/v1/projects/admin-209502/regions/us-west1/addresses/gcp-vpn-ip",
                            "subnetwork": "",
                            "users.#": "3",
                            "users.0": "https://www.googleapis.com/compute/beta/projects/admin-209502/regions/us-west1/forwardingRules/fr-udp4500",
                            "users.1": "https://www.googleapis.com/compute/beta/projects/admin-209502/regions/us-west1/forwardingRules/fr-esp",
                            "users.2": "https://www.googleapis.com/compute/beta/projects/admin-209502/regions/us-west1/forwardingRules/fr-udp500"
                        },
                        "meta": {
                            "e2bfb730-ecaa-11e6-8f88-34363bc7c4c0": {
                                "create": 240000000000,
                                "delete": 240000000000
                            }
                        },
                        "tainted": false
                    },
                    "deposed": [],
                    "provider": "provider.google"
                },
                "google_compute_firewall.gcp-allow-icmp": {
                    "type": "google_compute_firewall",
                    "depends_on": [
                        "google_compute_network.gcp-network"
                    ],
                    "primary": {
                        "id": "gcp-network-gcp-allow-icmp",
                        "attributes": {
                            "allow.#": "1",
                            "allow.1367131964.ports.#": "0",
                            "allow.1367131964.protocol": "icmp",
                            "deny.#": "0",
                            "description": "",
                            "destination_ranges.#": "0",
                            "direction": "INGRESS",
                            "disabled": "false",
                            "id": "gcp-network-gcp-allow-icmp",
                            "name": "gcp-network-gcp-allow-icmp",
                            "network": "https://www.googleapis.com/compute/v1/projects/admin-209502/global/networks/gcp-network",
                            "priority": "1000",
                            "project": "admin-209502",
                            "self_link": "https://www.googleapis.com/compute/v1/projects/admin-209502/global/firewalls/gcp-network-gcp-allow-icmp",
                            "source_ranges.#": "1",
                            "source_ranges.1080289494": "0.0.0.0/0",
                            "source_service_accounts.#": "0",
                            "source_tags.#": "0",
                            "target_service_accounts.#": "0",
                            "target_tags.#": "0"
                        },
                        "meta": {
                            "schema_version": "1"
                        },
                        "tainted": false
                    },
                    "deposed": [],
                    "provider": "provider.google"
                },
                "google_compute_firewall.gcp-allow-internet": {
                    "type": "google_compute_firewall",
                    "depends_on": [
                        "google_compute_network.gcp-network"
                    ],
                    "primary": {
                        "id": "gcp-network-gcp-allow-internet",
                        "attributes": {
                            "allow.#": "1",
                            "allow.272637744.ports.#": "1",
                            "allow.272637744.ports.0": "80",
                            "allow.272637744.protocol": "tcp",
                            "deny.#": "0",
                            "description": "",
                            "destination_ranges.#": "0",
                            "direction": "INGRESS",
                            "disabled": "false",
                            "id": "gcp-network-gcp-allow-internet",
                            "name": "gcp-network-gcp-allow-internet",
                            "network": "https://www.googleapis.com/compute/v1/projects/admin-209502/global/networks/gcp-network",
                            "priority": "1000",
                            "project": "admin-209502",
                            "self_link": "https://www.googleapis.com/compute/v1/projects/admin-209502/global/firewalls/gcp-network-gcp-allow-internet",
                            "source_ranges.#": "1",
                            "source_ranges.1080289494": "0.0.0.0/0",
                            "source_service_accounts.#": "0",
                            "source_tags.#": "0",
                            "target_service_accounts.#": "0",
                            "target_tags.#": "0"
                        },
                        "meta": {
                            "schema_version": "1"
                        },
                        "tainted": false
                    },
                    "deposed": [],
                    "provider": "provider.google"
                },
                "google_compute_firewall.gcp-allow-ssh": {
                    "type": "google_compute_firewall",
                    "depends_on": [
                        "google_compute_network.gcp-network"
                    ],
                    "primary": {
                        "id": "gcp-network-gcp-allow-ssh",
                        "attributes": {
                            "allow.#": "1",
                            "allow.803338340.ports.#": "1",
                            "allow.803338340.ports.0": "22",
                            "allow.803338340.protocol": "tcp",
                            "deny.#": "0",
                            "description": "",
                            "destination_ranges.#": "0",
                            "direction": "INGRESS",
                            "disabled": "false",
                            "id": "gcp-network-gcp-allow-ssh",
                            "name": "gcp-network-gcp-allow-ssh",
                            "network": "https://www.googleapis.com/compute/v1/projects/admin-209502/global/networks/gcp-network",
                            "priority": "1000",
                            "project": "admin-209502",
                            "self_link": "https://www.googleapis.com/compute/v1/projects/admin-209502/global/firewalls/gcp-network-gcp-allow-ssh",
                            "source_ranges.#": "1",
                            "source_ranges.1080289494": "0.0.0.0/0",
                            "source_service_accounts.#": "0",
                            "source_tags.#": "0",
                            "target_service_accounts.#": "0",
                            "target_tags.#": "0"
                        },
                        "meta": {
                            "schema_version": "1"
                        },
                        "tainted": false
                    },
                    "deposed": [],
                    "provider": "provider.google"
                },
                "google_compute_firewall.gcp-allow-vpn": {
                    "type": "google_compute_firewall",
                    "depends_on": [
                        "google_compute_network.gcp-network"
                    ],
                    "primary": {
                        "id": "gcp-network-gcp-allow-vpn",
                        "attributes": {
                            "allow.#": "2",
                            "allow.2250996047.ports.#": "1",
                            "allow.2250996047.ports.0": "0-65535",
                            "allow.2250996047.protocol": "tcp",
                            "allow.884285603.ports.#": "1",
                            "allow.884285603.ports.0": "0-65535",
                            "allow.884285603.protocol": "udp",
                            "deny.#": "0",
                            "description": "",
                            "destination_ranges.#": "0",
                            "direction": "INGRESS",
                            "disabled": "false",
                            "id": "gcp-network-gcp-allow-vpn",
                            "name": "gcp-network-gcp-allow-vpn",
                            "network": "https://www.googleapis.com/compute/v1/projects/admin-209502/global/networks/gcp-network",
                            "priority": "1000",
                            "project": "admin-209502",
                            "self_link": "https://www.googleapis.com/compute/v1/projects/admin-209502/global/firewalls/gcp-network-gcp-allow-vpn",
                            "source_ranges.#": "1",
                            "source_ranges.78081991": "172.16.0.0/24",
                            "source_service_accounts.#": "0",
                            "source_tags.#": "0",
                            "target_service_accounts.#": "0",
                            "target_tags.#": "0"
                        },
                        "meta": {
                            "schema_version": "1"
                        },
                        "tainted": false
                    },
                    "deposed": [],
                    "provider": "provider.google"
                },
                "google_compute_forwarding_rule.fr_esp": {
                    "type": "google_compute_forwarding_rule",
                    "depends_on": [
                        "google_compute_address.gcp-vpn-ip",
                        "google_compute_vpn_gateway.gcp-vpn-gw"
                    ],
                    "primary": {
                        "id": "fr-esp",
                        "attributes": {
                            "backend_service": "",
                            "creation_timestamp": "2018-09-07T19:58:46.856-07:00",
                            "description": "",
                            "id": "fr-esp",
                            "ip_address": "35.203.153.218",
                            "ip_protocol": "ESP",
                            "ip_version": "",
                            "label_fingerprint": "42WmSpB8rSM=",
                            "labels.%": "0",
                            "load_balancing_scheme": "EXTERNAL",
                            "name": "fr-esp",
                            "network": "",
                            "network_tier": "PREMIUM",
                            "port_range": "",
                            "ports.#": "0",
                            "project": "admin-209502",
                            "region": "us-west1",
                            "self_link": "https://www.googleapis.com/compute/v1/projects/admin-209502/regions/us-west1/forwardingRules/fr-esp",
                            "service_label": "",
                            "service_name": "",
                            "subnetwork": "",
                            "target": "https://www.googleapis.com/compute/beta/projects/admin-209502/regions/us-west1/targetVpnGateways/gcp-vpn-gw-us-west1"
                        },
                        "meta": {
                            "e2bfb730-ecaa-11e6-8f88-34363bc7c4c0": {
                                "create": 240000000000,
                                "delete": 240000000000,
                                "update": 240000000000
                            }
                        },
                        "tainted": false
                    },
                    "deposed": [],
                    "provider": "provider.google"
                },
                "google_compute_forwarding_rule.fr_udp4500": {
                    "type": "google_compute_forwarding_rule",
                    "depends_on": [
                        "google_compute_address.gcp-vpn-ip",
                        "google_compute_vpn_gateway.gcp-vpn-gw"
                    ],
                    "primary": {
                        "id": "fr-udp4500",
                        "attributes": {
                            "backend_service": "",
                            "creation_timestamp": "2018-09-07T19:58:47.235-07:00",
                            "description": "",
                            "id": "fr-udp4500",
                            "ip_address": "35.203.153.218",
                            "ip_protocol": "UDP",
                            "ip_version": "",
                            "label_fingerprint": "42WmSpB8rSM=",
                            "labels.%": "0",
                            "load_balancing_scheme": "EXTERNAL",
                            "name": "fr-udp4500",
                            "network": "",
                            "network_tier": "PREMIUM",
                            "port_range": "4500-4500",
                            "ports.#": "0",
                            "project": "admin-209502",
                            "region": "us-west1",
                            "self_link": "https://www.googleapis.com/compute/v1/projects/admin-209502/regions/us-west1/forwardingRules/fr-udp4500",
                            "service_label": "",
                            "service_name": "",
                            "subnetwork": "",
                            "target": "https://www.googleapis.com/compute/beta/projects/admin-209502/regions/us-west1/targetVpnGateways/gcp-vpn-gw-us-west1"
                        },
                        "meta": {
                            "e2bfb730-ecaa-11e6-8f88-34363bc7c4c0": {
                                "create": 240000000000,
                                "delete": 240000000000,
                                "update": 240000000000
                            }
                        },
                        "tainted": false
                    },
                    "deposed": [],
                    "provider": "provider.google"
                },
                "google_compute_forwarding_rule.fr_udp500": {
                    "type": "google_compute_forwarding_rule",
                    "depends_on": [
                        "google_compute_address.gcp-vpn-ip",
                        "google_compute_vpn_gateway.gcp-vpn-gw"
                    ],
                    "primary": {
                        "id": "fr-udp500",
                        "attributes": {
                            "backend_service": "",
                            "creation_timestamp": "2018-09-07T19:58:51.255-07:00",
                            "description": "",
                            "id": "fr-udp500",
                            "ip_address": "35.203.153.218",
                            "ip_protocol": "UDP",
                            "ip_version": "",
                            "label_fingerprint": "42WmSpB8rSM=",
                            "labels.%": "0",
                            "load_balancing_scheme": "EXTERNAL",
                            "name": "fr-udp500",
                            "network": "",
                            "network_tier": "PREMIUM",
                            "port_range": "500-500",
                            "ports.#": "0",
                            "project": "admin-209502",
                            "region": "us-west1",
                            "self_link": "https://www.googleapis.com/compute/v1/projects/admin-209502/regions/us-west1/forwardingRules/fr-udp500",
                            "service_label": "",
                            "service_name": "",
                            "subnetwork": "",
                            "target": "https://www.googleapis.com/compute/beta/projects/admin-209502/regions/us-west1/targetVpnGateways/gcp-vpn-gw-us-west1"
                        },
                        "meta": {
                            "e2bfb730-ecaa-11e6-8f88-34363bc7c4c0": {
                                "create": 240000000000,
                                "delete": 240000000000,
                                "update": 240000000000
                            }
                        },
                        "tainted": false
                    },
                    "deposed": [],
                    "provider": "provider.google"
                },
                "google_compute_instance.gcp-vm": {
                    "type": "google_compute_instance",
                    "depends_on": [
                        "aws_eip.aws-ip",
                        "data.google_compute_zones.available",
                        "google_compute_subnetwork.gcp-subnet1"
                    ],
                    "primary": {
                        "id": "gcp-vm-us-west1",
                        "attributes": {
                            "attached_disk.#": "0",
                            "boot_disk.#": "1",
                            "boot_disk.0.auto_delete": "true",
                            "boot_disk.0.device_name": "persistent-disk-0",
                            "boot_disk.0.disk_encryption_key_raw": "",
                            "boot_disk.0.disk_encryption_key_sha256": "",
                            "boot_disk.0.initialize_params.#": "1",
                            "boot_disk.0.initialize_params.0.image": "https://www.googleapis.com/compute/v1/projects/ubuntu-os-cloud/global/images/ubuntu-1604-xenial-v20180831",
                            "boot_disk.0.initialize_params.0.size": "10",
                            "boot_disk.0.initialize_params.0.type": "pd-standard",
                            "boot_disk.0.source": "https://www.googleapis.com/compute/v1/projects/admin-209502/zones/us-west1-a/disks/gcp-vm-us-west1",
                            "can_ip_forward": "false",
                            "cpu_platform": "Intel Broadwell",
                            "create_timeout": "4",
                            "deletion_protection": "false",
                            "guest_accelerator.#": "0",
                            "id": "gcp-vm-us-west1",
                            "instance_id": "5260831698517393433",
                            "label_fingerprint": "42WmSpB8rSM=",
                            "labels.%": "0",
                            "machine_type": "n1-standard-1",
                            "metadata.%": "0",
                            "metadata_fingerprint": "IJaZtipXnz8=",
                            "metadata_startup_script": "#!/bin/bash -xe\n\n# Copyright 2017 Google Inc.\n#\n# Licensed under the Apache License, Version 2.0 (the \"License\");\n# you may not use this file except in compliance with the License.\n# You may obtain a copy of the License at\n#\n#   http://www.apache.org/licenses/LICENSE-2.0\n#\n# Unless required by applicable law or agreed to in writing, software\n# distributed under the License is distributed on an \"AS IS\" BASIS,\n# WITHOUT WARRANTIES OR CONDITIONS OF ANY KIND, either express or implied.\n# See the License for the specific language governing permissions and\n# limitations under the License.\n\n\n# Make it easy to run iperf3.\necho \"iperf3 -c 35.163.162.6 -p 80 -i 1 -t 30 -P 8 -V\" \u003e /tmp/run_iperf_to_ext.sh\nchmod 755 /tmp/run_iperf_to_ext.sh\necho \"iperf3 -c 172.16.0.100 -p 80 -i 1 -t 30 -P 8 -V\" \u003e /tmp/run_iperf_to_int.sh\nchmod 755 /tmp/run_iperf_to_int.sh\n\n# Setup iperf3.\napt-get update\napt-get install -y iperf3\n\ncat \u003e /etc/systemd/system/iperf3.service \u003c\u003cEOF\n[Unit]\nDescription=iPerf 3 Server\n[Service]\nRestart=always\nTimeoutStartSec=0\nRestartSec=3\nWorkingDirectory=/tmp\nExecStart=/usr/bin/iperf3 -s -p 80\n[Install]\nWantedBy=multi-user.target\nEOF\n\nsystemctl daemon-reload\nsystemctl enable iperf3\nsystemctl start iperf3\n",
                            "min_cpu_platform": "",
                            "name": "gcp-vm-us-west1",
                            "network_interface.#": "1",
                            "network_interface.0.access_config.#": "1",
                            "network_interface.0.access_config.0.assigned_nat_ip": "104.198.0.198",
                            "network_interface.0.access_config.0.nat_ip": "104.198.0.198",
                            "network_interface.0.access_config.0.network_tier": "PREMIUM",
                            "network_interface.0.access_config.0.public_ptr_domain_name": "",
                            "network_interface.0.address": "10.240.0.100",
                            "network_interface.0.alias_ip_range.#": "0",
                            "network_interface.0.name": "nic0",
                            "network_interface.0.network": "https://www.googleapis.com/compute/v1/projects/admin-209502/global/networks/gcp-network",
                            "network_interface.0.network_ip": "10.240.0.100",
                            "network_interface.0.subnetwork": "https://www.googleapis.com/compute/v1/projects/admin-209502/regions/us-west1/subnetworks/gcp-subnet1",
                            "network_interface.0.subnetwork_project": "admin-209502",
                            "project": "admin-209502",
                            "scheduling.#": "1",
                            "scheduling.0.automatic_restart": "false",
                            "scheduling.0.on_host_maintenance": "MIGRATE",
                            "scheduling.0.preemptible": "false",
                            "scratch_disk.#": "0",
                            "self_link": "https://www.googleapis.com/compute/v1/projects/admin-209502/zones/us-west1-a/instances/gcp-vm-us-west1",
                            "service_account.#": "0",
                            "tags.#": "0",
                            "tags_fingerprint": "42WmSpB8rSM=",
                            "zone": "us-west1-a"
                        },
                        "meta": {
                            "e2bfb730-ecaa-11e6-8f88-34363bc7c4c0": {
                                "create": 360000000000,
                                "delete": 360000000000,
                                "update": 360000000000
                            },
                            "schema_version": "6"
                        },
                        "tainted": false
                    },
                    "deposed": [],
                    "provider": "provider.google"
                },
                "google_compute_network.gcp-network": {
                    "type": "google_compute_network",
                    "depends_on": [],
                    "primary": {
                        "id": "gcp-network",
                        "attributes": {
                            "auto_create_subnetworks": "false",
                            "description": "",
                            "gateway_ipv4": "",
                            "id": "gcp-network",
                            "ipv4_range": "",
                            "name": "gcp-network",
                            "project": "admin-209502",
                            "routing_mode": "REGIONAL",
                            "self_link": "https://www.googleapis.com/compute/v1/projects/admin-209502/global/networks/gcp-network"
                        },
                        "meta": {},
                        "tainted": false
                    },
                    "deposed": [],
                    "provider": "provider.google"
                },
                "google_compute_router.gcp-router1": {
                    "type": "google_compute_router",
                    "depends_on": [
                        "aws_customer_gateway.aws-cgw",
                        "google_compute_network.gcp-network"
                    ],
                    "primary": {
                        "id": "us-west1/gcp-router1",
                        "attributes": {
                            "bgp.#": "1",
                            "bgp.0.advertise_mode": "DEFAULT",
                            "bgp.0.advertised_groups.#": "0",
                            "bgp.0.advertised_ip_ranges.#": "0",
                            "bgp.0.asn": "65000",
                            "creation_timestamp": "2018-09-07T19:58:52.863-07:00",
                            "description": "",
                            "id": "us-west1/gcp-router1",
                            "name": "gcp-router1",
                            "network": "https://www.googleapis.com/compute/v1/projects/admin-209502/global/networks/gcp-network",
                            "project": "admin-209502",
                            "region": "us-west1",
                            "self_link": "https://www.googleapis.com/compute/v1/projects/admin-209502/regions/us-west1/routers/gcp-router1"
                        },
                        "meta": {
                            "e2bfb730-ecaa-11e6-8f88-34363bc7c4c0": {
                                "create": 240000000000,
                                "delete": 240000000000,
                                "update": 240000000000
                            }
                        },
                        "tainted": false
                    },
                    "deposed": [],
                    "provider": "provider.google"
                },
                "google_compute_router_interface.router_interface1": {
                    "type": "google_compute_router_interface",
                    "depends_on": [
                        "aws_vpn_connection.aws-vpn-connection1",
                        "google_compute_router.gcp-router1",
                        "google_compute_vpn_tunnel.gcp-tunnel1"
                    ],
                    "primary": {
                        "id": "us-west1/gcp-router1/gcp-to-aws-interface1",
                        "attributes": {
                            "id": "us-west1/gcp-router1/gcp-to-aws-interface1",
                            "ip_range": "169.254.12.102/30",
                            "name": "gcp-to-aws-interface1",
                            "project": "admin-209502",
                            "region": "us-west1",
                            "router": "gcp-router1",
                            "vpn_tunnel": "https://www.googleapis.com/compute/v1/projects/admin-209502/regions/us-west1/vpnTunnels/gcp-tunnel1"
                        },
                        "meta": {},
                        "tainted": false
                    },
                    "deposed": [],
                    "provider": "provider.google"
                },
                "google_compute_router_peer.gcp-router1-peer": {
                    "type": "google_compute_router_peer",
                    "depends_on": [
                        "aws_vpn_connection.aws-vpn-connection1",
                        "google_compute_router.gcp-router1",
                        "google_compute_router_interface.router_interface1"
                    ],
                    "primary": {
                        "id": "us-west1/gcp-router1/gcp-to-aws-bgp1",
                        "attributes": {
                            "advertised_route_priority": "0",
                            "id": "us-west1/gcp-router1/gcp-to-aws-bgp1",
                            "interface": "gcp-to-aws-interface1",
                            "ip_address": "169.254.12.102",
                            "name": "gcp-to-aws-bgp1",
                            "peer_asn": "64512",
                            "peer_ip_address": "169.254.12.101",
                            "project": "admin-209502",
                            "region": "us-west1",
                            "router": "gcp-router1"
                        },
                        "meta": {},
                        "tainted": false
                    },
                    "deposed": [],
                    "provider": "provider.google"
                },
                "google_compute_subnetwork.gcp-subnet1": {
                    "type": "google_compute_subnetwork",
                    "depends_on": [
                        "google_compute_network.gcp-network"
                    ],
                    "primary": {
                        "id": "us-west1/gcp-subnet1",
                        "attributes": {
                            "creation_timestamp": "2018-09-07T19:58:34.636-07:00",
                            "description": "",
                            "enable_flow_logs": "false",
                            "fingerprint": "meZcPPzA1W0=",
                            "gateway_address": "10.240.0.1",
                            "id": "us-west1/gcp-subnet1",
                            "ip_cidr_range": "10.240.0.0/24",
                            "name": "gcp-subnet1",
                            "network": "https://www.googleapis.com/compute/beta/projects/admin-209502/global/networks/gcp-network",
                            "private_ip_google_access": "false",
                            "project": "admin-209502",
                            "region": "us-west1",
                            "secondary_ip_range.#": "0",
                            "self_link": "https://www.googleapis.com/compute/v1/projects/admin-209502/regions/us-west1/subnetworks/gcp-subnet1"
                        },
                        "meta": {
                            "e2bfb730-ecaa-11e6-8f88-34363bc7c4c0": {
                                "create": 360000000000,
                                "delete": 360000000000,
                                "update": 360000000000
                            }
                        },
                        "tainted": false
                    },
                    "deposed": [],
                    "provider": "provider.google"
                },
                "google_compute_vpn_gateway.gcp-vpn-gw": {
                    "type": "google_compute_vpn_gateway",
                    "depends_on": [
                        "google_compute_network.gcp-network"
                    ],
                    "primary": {
                        "id": "gcp-vpn-gw-us-west1",
                        "attributes": {
                            "creation_timestamp": "2018-09-07T19:58:34.588-07:00",
                            "description": "",
                            "id": "gcp-vpn-gw-us-west1",
                            "name": "gcp-vpn-gw-us-west1",
                            "network": "https://www.googleapis.com/compute/v1/projects/admin-209502/global/networks/gcp-network",
                            "project": "admin-209502",
                            "region": "us-west1",
                            "self_link": "https://www.googleapis.com/compute/v1/projects/admin-209502/regions/us-west1/targetVpnGateways/gcp-vpn-gw-us-west1"
                        },
                        "meta": {
                            "e2bfb730-ecaa-11e6-8f88-34363bc7c4c0": {
                                "create": 240000000000,
                                "delete": 240000000000
                            }
                        },
                        "tainted": false
                    },
                    "deposed": [],
                    "provider": "provider.google"
                },
                "google_compute_vpn_tunnel.gcp-tunnel1": {
                    "type": "google_compute_vpn_tunnel",
                    "depends_on": [
                        "aws_vpn_connection.aws-vpn-connection1",
                        "google_compute_forwarding_rule.fr_esp",
                        "google_compute_forwarding_rule.fr_udp4500",
                        "google_compute_forwarding_rule.fr_udp500",
                        "google_compute_router.gcp-router1",
                        "google_compute_vpn_gateway.gcp-vpn-gw"
                    ],
                    "primary": {
                        "id": "gcp-tunnel1",
                        "attributes": {
                            "creation_timestamp": "2018-09-07T20:02:27.529-07:00",
                            "description": "",
                            "detailed_status": "Tunnel is up and running.",
                            "id": "gcp-tunnel1",
                            "ike_version": "1",
                            "label_fingerprint": "42WmSpB8rSM=",
                            "labels.%": "0",
                            "local_traffic_selector.#": "1",
                            "local_traffic_selector.1080289494": "0.0.0.0/0",
                            "name": "gcp-tunnel1",
                            "peer_ip": "52.26.29.127",
                            "project": "admin-209502",
                            "region": "us-west1",
                            "remote_traffic_selector.#": "1",
                            "remote_traffic_selector.1080289494": "0.0.0.0/0",
                            "router": "gcp-router1",
                            "self_link": "https://www.googleapis.com/compute/v1/projects/admin-209502/regions/us-west1/vpnTunnels/gcp-tunnel1",
                            "shared_secret": "St1HRO3Axc2sf9q4RYMljJMjPBMxZe0b",
                            "shared_secret_hash": "AHAOopGjw85Od3VnEg85jEgJmTby",
                            "target_vpn_gateway": "https://www.googleapis.com/compute/beta/projects/admin-209502/regions/us-west1/targetVpnGateways/gcp-vpn-gw-us-west1"
                        },
                        "meta": {
                            "e2bfb730-ecaa-11e6-8f88-34363bc7c4c0": {
                                "create": 240000000000,
                                "delete": 240000000000,
                                "update": 240000000000
                            }
                        },
                        "tainted": false
                    },
                    "deposed": [],
                    "provider": "provider.google"
                }
            },
            "depends_on": []
        }
    ]
}
